<?xml version="1.0" encoding="utf-8"?>
<Project ToolsVersion="4.0" xmlns:atg="http://atg.xbox.com" xmlns="http://schemas.microsoft.com/developer/msbuild/2003">
  <ItemGroup>
    <Filter Include="Resource Files">
      <UniqueIdentifier>{8e114980-c1a3-4ada-ad7c-83caadf5daeb}</UniqueIdentifier>
      <Extensions>rc;ico;cur;bmp;dlg;rc2;rct;bin;rgs;gif;jpg;jpeg;jpe</Extensions>
    </Filter>
    <Filter Include="DXUT">
      <UniqueIdentifier>{a43c5c25-0e86-4a20-b64a-883785ff74fd}</UniqueIdentifier>
    </Filter>
    <Filter Include="Shaders">
      <UniqueIdentifier>{2c3d4c8c-5d1a-459a-a05a-a4e4b608a44e}</UniqueIdentifier>
      <Extensions>fx;fxh;hlsl</Extensions>
    </Filter>
    <Filter Include="glm">
      <UniqueIdentifier>{5bdf7be2-2ef3-43f0-9b96-2e5c0d2117cb}</UniqueIdentifier>
    </Filter>
    <Filter Include="Graphics">
      <UniqueIdentifier>{a84625db-d5bc-4620-a553-c3f29406e62f}</UniqueIdentifier>
    </Filter>
    <Filter Include="Graphics\include">
      <UniqueIdentifier>{103be23f-7935-4833-ad9c-cb1817d2aa00}</UniqueIdentifier>
    </Filter>
    <Filter Include="Graphics\source">
      <UniqueIdentifier>{f9e5ce42-1426-46a0-9350-ca5eb0c7dc2e}</UniqueIdentifier>
    </Filter>
  </ItemGroup>
  <ItemGroup>
    <ClCompile Include="CCamera.cpp" />
    <ClCompile Include="CCameraFP.cpp" />
    <ClCompile Include="CBuffer.cpp">
      <Filter>Graphics\source</Filter>
    </ClCompile>
    <ClCompile Include="CDevice.cpp">
      <Filter>Graphics\source</Filter>
    </ClCompile>
    <ClCompile Include="CDeviceContext.cpp">
      <Filter>Graphics\source</Filter>
    </ClCompile>
    <ClCompile Include="CSwapChain.cpp">
      <Filter>Graphics\source</Filter>
    </ClCompile>
    <ClCompile Include="CVertexBuffer.cpp">
      <Filter>Graphics\source</Filter>
    </ClCompile>
    <ClCompile Include="CTexture2D.cpp">
      <Filter>Graphics\source</Filter>
    </ClCompile>
    <ClCompile Include="CViewport.cpp">
      <Filter>Graphics\source</Filter>
    </ClCompile>
    <ClCompile Include="CDepthStencilView.cpp">
      <Filter>Graphics\source</Filter>
    </ClCompile>
    <ClCompile Include="CVertexShader.cpp">
      <Filter>Graphics\source</Filter>
    </ClCompile>
    <ClCompile Include="CIndexBuffer.cpp">
      <Filter>Graphics\source</Filter>
    </ClCompile>
  </ItemGroup>
  <ItemGroup>
    <ClCompile Include="Tutorial07.cpp" />
  </ItemGroup>
  <ItemGroup>
    <None Include="Tutorial07.fx">
      <Filter>Shaders</Filter>
    </None>
  </ItemGroup>
  <ItemGroup>
    <CLInclude Include="resource.h">
      <Filter>Resource Files</Filter>
    </CLInclude>
    <ResourceCompile Include="Tutorial07.rc">
      <Filter>Resource Files</Filter>
    </ResourceCompile>
    <ClInclude Include="CCamera.h" />
    <ClInclude Include="glm\common.hpp">
      <Filter>glm</Filter>
    </ClInclude>
    <ClInclude Include="glm\exponential.hpp">
      <Filter>glm</Filter>
    </ClInclude>
    <ClInclude Include="glm\ext.hpp">
      <Filter>glm</Filter>
    </ClInclude>
    <ClInclude Include="glm\fwd.hpp">
      <Filter>glm</Filter>
    </ClInclude>
    <ClInclude Include="glm\geometric.hpp">
      <Filter>glm</Filter>
    </ClInclude>
    <ClInclude Include="glm\glm.hpp">
      <Filter>glm</Filter>
    </ClInclude>
    <ClInclude Include="glm\integer.hpp">
      <Filter>glm</Filter>
    </ClInclude>
    <ClInclude Include="glm\mat2x2.hpp">
      <Filter>glm</Filter>
    </ClInclude>
    <ClInclude Include="glm\mat2x3.hpp">
      <Filter>glm</Filter>
    </ClInclude>
    <ClInclude Include="glm\mat2x4.hpp">
      <Filter>glm</Filter>
    </ClInclude>
    <ClInclude Include="glm\mat3x2.hpp">
      <Filter>glm</Filter>
    </ClInclude>
    <ClInclude Include="glm\mat3x3.hpp">
      <Filter>glm</Filter>
    </ClInclude>
    <ClInclude Include="glm\mat3x4.hpp">
      <Filter>glm</Filter>
    </ClInclude>
    <ClInclude Include="glm\mat4x2.hpp">
      <Filter>glm</Filter>
    </ClInclude>
    <ClInclude Include="glm\mat4x3.hpp">
      <Filter>glm</Filter>
    </ClInclude>
    <ClInclude Include="glm\mat4x4.hpp">
      <Filter>glm</Filter>
    </ClInclude>
    <ClInclude Include="glm\matrix.hpp">
      <Filter>glm</Filter>
    </ClInclude>
    <ClInclude Include="glm\packing.hpp">
      <Filter>glm</Filter>
    </ClInclude>
    <ClInclude Include="glm\trigonometric.hpp">
      <Filter>glm</Filter>
    </ClInclude>
    <ClInclude Include="glm\vec2.hpp">
      <Filter>glm</Filter>
    </ClInclude>
    <ClInclude Include="glm\vec3.hpp">
      <Filter>glm</Filter>
    </ClInclude>
    <ClInclude Include="glm\vec4.hpp">
      <Filter>glm</Filter>
    </ClInclude>
    <ClInclude Include="glm\vector_relational.hpp">
      <Filter>glm</Filter>
    </ClInclude>
    <ClInclude Include="CCameraFP.h" />
    <ClInclude Include="CBuffer.h">
      <Filter>Graphics\include</Filter>
    </ClInclude>
    <ClInclude Include="CDevice.h">
      <Filter>Graphics\include</Filter>
    </ClInclude>
    <ClInclude Include="CDeviceContext.h">
      <Filter>Graphics\include</Filter>
    </ClInclude>
    <ClInclude Include="CSwapChain.h">
      <Filter>Graphics\include</Filter>
    </ClInclude>
    <ClInclude Include="Define.h">
      <Filter>Graphics\include</Filter>
    </ClInclude>
    <ClInclude Include="CVertexBuffer.h">
      <Filter>Graphics\include</Filter>
    </ClInclude>
    <ClInclude Include="CTexture2D.h">
      <Filter>Graphics\include</Filter>
    </ClInclude>
    <ClInclude Include="CViewport.h">
      <Filter>Graphics\include</Filter>
    </ClInclude>
    <ClInclude Include="CDepthStencilView.h">
      <Filter>Graphics\include</Filter>
    </ClInclude>
    <ClInclude Include="CVertexShader.h">
      <Filter>Graphics\include</Filter>
    </ClInclude>
    <ClInclude Include="CIndexBuffer.h">
      <Filter>Graphics\include</Filter>
    </ClInclude>
  </ItemGroup>
  <ItemGroup>
  </ItemGroup>
</Project>